
Microsoft Visual Studio Solution File, Format Version 12.00
# Visual Studio Version 17
VisualStudioVersion = 17.12.35527.113
MinimumVisualStudioVersion = 10.0.40219.1
Project("{2150E333-8FDC-42A3-9474-1A3956D46DE8}") = "Creational", "Creational", "{D0C89B4B-86DD-4412-99BC-DD1227E9A0E3}"
EndProject
Project("{2150E333-8FDC-42A3-9474-1A3956D46DE8}") = "Factory", "Factory", "{36CFBC70-3A2E-4CA9-90FA-25AAA9362340}"
EndProject
Project("{FAE04EC0-301F-11D3-BF4B-00C04F79EFBC}") = "NotificationService", "Creational\Factory\NotificationService\NotificationService.csproj", "{FD9B01FB-B429-45B8-8B07-34B6DEDC1956}"
EndProject
Project("{2150E333-8FDC-42A3-9474-1A3956D46DE8}") = "Builder", "Builder", "{EA07C4BA-7D9C-41BB-83F1-183E464394BB}"
EndProject
Project("{FAE04EC0-301F-11D3-BF4B-00C04F79EFBC}") = "Builder", "Creational\Builder\Builder\Builder.csproj", "{D5530957-3661-4C33-BAD1-5AA16CCE89BC}"
EndProject
Project("{2150E333-8FDC-42A3-9474-1A3956D46DE8}") = "Singleton", "Singleton", "{7A2F9583-B438-4B42-A008-C246CC09C4F7}"
EndProject
Project("{FAE04EC0-301F-11D3-BF4B-00C04F79EFBC}") = "Caching", "Creational\Singleton\Caching\Caching.csproj", "{F248A083-FC5F-47B9-8CFD-AF23B51D6D50}"
EndProject
Global
	GlobalSection(SolutionConfigurationPlatforms) = preSolution
		Debug|Any CPU = Debug|Any CPU
		Release|Any CPU = Release|Any CPU
	EndGlobalSection
	GlobalSection(ProjectConfigurationPlatforms) = postSolution
		{FD9B01FB-B429-45B8-8B07-34B6DEDC1956}.Debug|Any CPU.ActiveCfg = Debug|Any CPU
		{FD9B01FB-B429-45B8-8B07-34B6DEDC1956}.Debug|Any CPU.Build.0 = Debug|Any CPU
		{FD9B01FB-B429-45B8-8B07-34B6DEDC1956}.Release|Any CPU.ActiveCfg = Release|Any CPU
		{FD9B01FB-B429-45B8-8B07-34B6DEDC1956}.Release|Any CPU.Build.0 = Release|Any CPU
		{D5530957-3661-4C33-BAD1-5AA16CCE89BC}.Debug|Any CPU.ActiveCfg = Debug|Any CPU
		{D5530957-3661-4C33-BAD1-5AA16CCE89BC}.Debug|Any CPU.Build.0 = Debug|Any CPU
		{D5530957-3661-4C33-BAD1-5AA16CCE89BC}.Release|Any CPU.ActiveCfg = Release|Any CPU
		{D5530957-3661-4C33-BAD1-5AA16CCE89BC}.Release|Any CPU.Build.0 = Release|Any CPU
		{F248A083-FC5F-47B9-8CFD-AF23B51D6D50}.Debug|Any CPU.ActiveCfg = Debug|Any CPU
		{F248A083-FC5F-47B9-8CFD-AF23B51D6D50}.Debug|Any CPU.Build.0 = Debug|Any CPU
		{F248A083-FC5F-47B9-8CFD-AF23B51D6D50}.Release|Any CPU.ActiveCfg = Release|Any CPU
		{F248A083-FC5F-47B9-8CFD-AF23B51D6D50}.Release|Any CPU.Build.0 = Release|Any CPU
	EndGlobalSection
	GlobalSection(SolutionProperties) = preSolution
		HideSolutionNode = FALSE
	EndGlobalSection
	GlobalSection(NestedProjects) = preSolution
		{36CFBC70-3A2E-4CA9-90FA-25AAA9362340} = {D0C89B4B-86DD-4412-99BC-DD1227E9A0E3}
		{FD9B01FB-B429-45B8-8B07-34B6DEDC1956} = {36CFBC70-3A2E-4CA9-90FA-25AAA9362340}
		{EA07C4BA-7D9C-41BB-83F1-183E464394BB} = {D0C89B4B-86DD-4412-99BC-DD1227E9A0E3}
		{D5530957-3661-4C33-BAD1-5AA16CCE89BC} = {EA07C4BA-7D9C-41BB-83F1-183E464394BB}
		{7A2F9583-B438-4B42-A008-C246CC09C4F7} = {D0C89B4B-86DD-4412-99BC-DD1227E9A0E3}
		{F248A083-FC5F-47B9-8CFD-AF23B51D6D50} = {7A2F9583-B438-4B42-A008-C246CC09C4F7}
	EndGlobalSection
EndGlobal
